// !$*UTF8*$!
{
	archiveVersion = 1;
	classes = {
	};
	objectVersion = 77;
	objects = {

/* Begin PBXContainerItemProxy section */
		ACF562BC2DDF2B780037D2A6 /* PBXContainerItemProxy */ = {
			isa = PBXContainerItemProxy;
			containerPortal = ACF562A62DDF2B750037D2A6 /* Project object */;
			proxyType = 1;
			remoteGlobalIDString = ACF562AD2DDF2B750037D2A6;
			remoteInfo = BetCooker;
		};
		ACF562C62DDF2B780037D2A6 /* PBXContainerItemProxy */ = {
			isa = PBXContainerItemProxy;
			containerPortal = ACF562A62DDF2B750037D2A6 /* Project object */;
			proxyType = 1;
			remoteGlobalIDString = ACF562AD2DDF2B750037D2A6;
			remoteInfo = BetCooker;
		};
/* End PBXContainerItemProxy section */

/* Begin PBXFileReference section */
		518E96EE2DDF2C8A001F2389 /* BetCooker.xcodeproj */ = {isa = PBXFileReference; lastKnownFileType = "wrapper.pb-project"; path = BetCooker.xcodeproj; sourceTree = "<group>"; };
		ACA77B212DE0AB2C0091D35A /* BetCooker.xcodeproj */ = {isa = PBXFileReference; lastKnownFileType = "wrapper.pb-project"; path = BetCooker.xcodeproj; sourceTree = "<group>"; };
		ACD57C3E2DE0802C00270469 /* BetCooker.xcodeproj */ = {isa = PBXFileReference; lastKnownFileType = "wrapper.pb-project"; path = BetCooker.xcodeproj; sourceTree = "<group>"; };
		ACF562AE2DDF2B750037D2A6 /* BetCooker.app */ = {isa = PBXFileReference; explicitFileType = wrapper.application; includeInIndex = 0; path = BetCooker.app; sourceTree = BUILT_PRODUCTS_DIR; };
		ACF562BB2DDF2B780037D2A6 /* BetCookerTests.xctest */ = {isa = PBXFileReference; explicitFileType = wrapper.cfbundle; includeInIndex = 0; path = BetCookerTests.xctest; sourceTree = BUILT_PRODUCTS_DIR; };
		ACF562C52DDF2B780037D2A6 /* BetCookerUITests.xctest */ = {isa = PBXFileReference; explicitFileType = wrapper.cfbundle; includeInIndex = 0; path = BetCookerUITests.xctest; sourceTree = BUILT_PRODUCTS_DIR; };
/* End PBXFileReference section */

/* Begin PBXFileSystemSynchronizedRootGroup section */
		ACF562B02DDF2B750037D2A6 /* BetCooker */ = {
			isa = PBXFileSystemSynchronizedRootGroup;
			path = BetCooker;
			sourceTree = "<group>";
		};
		ACF562BE2DDF2B780037D2A6 /* BetCookerTests */ = {
			isa = PBXFileSystemSynchronizedRootGroup;
			path = BetCookerTests;
			sourceTree = "<group>";
		};
		ACF562C82DDF2B780037D2A6 /* BetCookerUITests */ = {
			isa = PBXFileSystemSynchronizedRootGroup;
			path = BetCookerUITests;
			sourceTree = "<group>";
		};
/* End PBXFileSystemSynchronizedRootGroup section */

/* Begin PBXFrameworksBuildPhase section */
		ACF562AB2DDF2B750037D2A6 /* Frameworks */ = {
			isa = PBXFrameworksBuildPhase;
			buildActionMask = 2147483647;
			files = (
			);
			runOnlyForDeploymentPostprocessing = 0;
		};
		ACF562B82DDF2B780037D2A6 /* Frameworks */ = {
			isa = PBXFrameworksBuildPhase;
			buildActionMask = 2147483647;
			files = (
			);
			runOnlyForDeploymentPostprocessing = 0;
		};
		ACF562C22DDF2B780037D2A6 /* Frameworks */ = {
			isa = PBXFrameworksBuildPhase;
			buildActionMask = 2147483647;
			files = (
			);
			runOnlyForDeploymentPostprocessing = 0;
		};
/* End PBXFrameworksBuildPhase section */

/* Begin PBXGroup section */
		518E96F12DDF2C8A001F2389 /* Products */ = {
			isa = PBXGroup;
			children = (
			);
			name = Products;
			sourceTree = "<group>";
		};
		ACA77B232DE0AB2C0091D35A /* Products */ = {
			isa = PBXGroup;
			children = (
			);
			name = Products;
			sourceTree = "<group>";
		};
		ACD57C3F2DE0802C00270469 /* Products */ = {
			isa = PBXGroup;
			children = (
			);
			name = Products;
			sourceTree = "<group>";
		};
		ACF562A52DDF2B750037D2A6 = {
			isa = PBXGroup;
			children = (
				ACF562B02DDF2B750037D2A6 /* BetCooker */,
				ACF562BE2DDF2B780037D2A6 /* BetCookerTests */,
				ACF562C82DDF2B780037D2A6 /* BetCookerUITests */,
				ACF562AF2DDF2B750037D2A6 /* Products */,
			);
			sourceTree = "<group>";
		};
		ACF562AF2DDF2B750037D2A6 /* Products */ = {
			isa = PBXGroup;
			children = (
				ACF562AE2DDF2B750037D2A6 /* BetCooker.app */,
				ACF562BB2DDF2B780037D2A6 /* BetCookerTests.xctest */,
				ACF562C52DDF2B780037D2A6 /* BetCookerUITests.xctest */,
			);
			name = Products;
			sourceTree = "<group>";
		};
/* End PBXGroup section */

/* Begin PBXNativeTarget section */
		ACF562AD2DDF2B750037D2A6 /* BetCooker */ = {
			isa = PBXNativeTarget;
			buildConfigurationList = ACF562CF2DDF2B780037D2A6 /* Build configuration list for PBXNativeTarget "BetCooker" */;
			buildPhases = (
				ACF562AA2DDF2B750037D2A6 /* Sources */,
				ACF562AB2DDF2B750037D2A6 /* Frameworks */,
				ACF562AC2DDF2B750037D2A6 /* Resources */,
			);
			buildRules = (
			);
			dependencies = (
			);
			fileSystemSynchronizedGroups = (
				ACF562B02DDF2B750037D2A6 /* BetCooker */,
			);
			name = BetCooker;
			packageProductDependencies = (
			);
			productName = BetCooker;
			productReference = ACF562AE2DDF2B750037D2A6 /* BetCooker.app */;
			productType = "com.apple.product-type.application";
		};
		ACF562BA2DDF2B780037D2A6 /* BetCookerTests */ = {
			isa = PBXNativeTarget;
			buildConfigurationList = ACF562D22DDF2B780037D2A6 /* Build configuration list for PBXNativeTarget "BetCookerTests" */;
			buildPhases = (
				ACF562B72DDF2B780037D2A6 /* Sources */,
				ACF562B82DDF2B780037D2A6 /* Frameworks */,
				ACF562B92DDF2B780037D2A6 /* Resources */,
			);
			buildRules = (
			);
			dependencies = (
				ACF562BD2DDF2B780037D2A6 /* PBXTargetDependency */,
			);
			fileSystemSynchronizedGroups = (
				ACF562BE2DDF2B780037D2A6 /* BetCookerTests */,
			);
			name = BetCookerTests;
			packageProductDependencies = (
			);
			productName = BetCookerTests;
			productReference = ACF562BB2DDF2B780037D2A6 /* BetCookerTests.xctest */;
			productType = "com.apple.product-type.bundle.unit-test";
		};
		ACF562C42DDF2B780037D2A6 /* BetCookerUITests */ = {
			isa = PBXNativeTarget;
			buildConfigurationList = ACF562D52DDF2B780037D2A6 /* Build configuration list for PBXNativeTarget "BetCookerUITests" */;
			buildPhases = (
				ACF562C12DDF2B780037D2A6 /* Sources */,
				ACF562C22DDF2B780037D2A6 /* Frameworks */,
				ACF562C32DDF2B780037D2A6 /* Resources */,
			);
			buildRules = (
			);
			dependencies = (
				ACF562C72DDF2B780037D2A6 /* PBXTargetDependency */,
			);
			fileSystemSynchronizedGroups = (
				ACF562C82DDF2B780037D2A6 /* BetCookerUITests */,
			);
			name = BetCookerUITests;
			packageProductDependencies = (
			);
			productName = BetCookerUITests;
			productReference = ACF562C52DDF2B780037D2A6 /* BetCookerUITests.xctest */;
			productType = "com.apple.product-type.bundle.ui-testing";
		};
/* End PBXNativeTarget section */

/* Begin PBXProject section */
		ACF562A62DDF2B750037D2A6 /* Project object */ = {
			isa = PBXProject;
			attributes = {
				BuildIndependentTargetsInParallel = 1;
				LastSwiftUpdateCheck = 1630;
				LastUpgradeCheck = 1630;
				TargetAttributes = {
					ACF562AD2DDF2B750037D2A6 = {
						CreatedOnToolsVersion = 16.3;
					};
					ACF562BA2DDF2B780037D2A6 = {
						CreatedOnToolsVersion = 16.3;
						TestTargetID = ACF562AD2DDF2B750037D2A6;
					};
					ACF562C42DDF2B780037D2A6 = {
						CreatedOnToolsVersion = 16.3;
						TestTargetID = ACF562AD2DDF2B750037D2A6;
					};
				};
			};
			buildConfigurationList = ACF562A92DDF2B750037D2A6 /* Build configuration list for PBXProject "BetCooker" */;
			developmentRegion = en;
			hasScannedForEncodings = 0;
			knownRegions = (
				en,
				Base,
				de,
				es,
				it,
				fr,
			);
			mainGroup = ACF562A52DDF2B750037D2A6;
			minimizedProjectReferenceProxies = 1;
			preferredProjectObjectVersion = 77;
			productRefGroup = ACF562AF2DDF2B750037D2A6 /* Products */;
			projectDirPath = "";
			projectReferences = (
				{
					ProductGroup = 518E96F12DDF2C8A001F2389 /* Products */;
					ProjectRef = 518E96EE2DDF2C8A001F2389 /* BetCooker.xcodeproj */;
				},
				{
					ProductGroup = ACA77B232DE0AB2C0091D35A /* Products */;
					ProjectRef = ACA77B212DE0AB2C0091D35A /* BetCooker.xcodeproj */;
				},
				{
					ProductGroup = ACD57C3F2DE0802C00270469 /* Products */;
					ProjectRef = ACD57C3E2DE0802C00270469 /* BetCooker.xcodeproj */;
				},
			);
			projectRoot = "";
			targets = (
				ACF562AD2DDF2B750037D2A6 /* BetCooker */,
				ACF562BA2DDF2B780037D2A6 /* BetCookerTests */,
				ACF562C42DDF2B780037D2A6 /* BetCookerUITests */,
			);
		};
/* End PBXProject section */

/* Begin PBXResourcesBuildPhase section */
		ACF562AC2DDF2B750037D2A6 /* Resources */ = {
			isa = PBXResourcesBuildPhase;
			buildActionMask = 2147483647;
			files = (
			);
			runOnlyForDeploymentPostprocessing = 0;
		};
		ACF562B92DDF2B780037D2A6 /* Resources */ = {
			isa = PBXResourcesBuildPhase;
			buildActionMask = 2147483647;
			files = (
			);
			runOnlyForDeploymentPostprocessing = 0;
		};
		ACF562C32DDF2B780037D2A6 /* Resources */ = {
			isa = PBXResourcesBuildPhase;
			buildActionMask = 2147483647;
			files = (
			);
			runOnlyForDeploymentPostprocessing = 0;
		};
/* End PBXResourcesBuildPhase section */

/* Begin PBXSourcesBuildPhase section */
		ACF562AA2DDF2B750037D2A6 /* Sources */ = {
			isa = PBXSourcesBuildPhase;
			buildActionMask = 2147483647;
			files = (
			);
			runOnlyForDeploymentPostprocessing = 0;
		};
		ACF562B72DDF2B780037D2A6 /* Sources */ = {
			isa = PBXSourcesBuildPhase;
			buildActionMask = 2147483647;
			files = (
			);
			runOnlyForDeploymentPostprocessing = 0;
		};
		ACF562C12DDF2B780037D2A6 /* Sources */ = {
			isa = PBXSourcesBuildPhase;
			buildActionMask = 2147483647;
			files = (
			);
			runOnlyForDeploymentPostprocessing = 0;
		};
/* End PBXSourcesBuildPhase section */

/* Begin PBXTargetDependency section */
		ACF562BD2DDF2B780037D2A6 /* PBXTargetDependency */ = {
			isa = PBXTargetDependency;
			target = ACF562AD2DDF2B750037D2A6 /* BetCooker */;
			targetProxy = ACF562BC2DDF2B780037D2A6 /* PBXContainerItemProxy */;
		};
		ACF562C72DDF2B780037D2A6 /* PBXTargetDependency */ = {
			isa = PBXTargetDependency;
			target = ACF562AD2DDF2B750037D2A6 /* BetCooker */;
			targetProxy = ACF562C62DDF2B780037D2A6 /* PBXContainerItemProxy */;
		};
/* End PBXTargetDependency section */

/* Begin XCBuildConfiguration section */
		ACF562CD2DDF2B780037D2A6 /* Debug */ = {
			isa = XCBuildConfiguration;
			buildSettings = {
				ALWAYS_SEARCH_USER_PATHS = NO;
				ASSETCATALOG_COMPILER_GENERATE_SWIFT_ASSET_SYMBOL_EXTENSIONS = YES;
				CLANG_ANALYZER_NONNULL = YES;
				CLANG_ANALYZER_NUMBER_OBJECT_CONVERSION = YES_AGGRESSIVE;
				CLANG_CXX_LANGUAGE_STANDARD = "gnu++20";
				CLANG_ENABLE_MODULES = YES;
				CLANG_ENABLE_OBJC_ARC = YES;
				CLANG_ENABLE_OBJC_WEAK = YES;
				CLANG_WARN_BLOCK_CAPTURE_AUTORELEASING = YES;
				CLANG_WARN_BOOL_CONVERSION = YES;
				CLANG_WARN_COMMA = YES;
				CLANG_WARN_CONSTANT_CONVERSION = YES;
				CLANG_WARN_DEPRECATED_OBJC_IMPLEMENTATIONS = YES;
				CLANG_WARN_DIRECT_OBJC_ISA_USAGE = YES_ERROR;
				CLANG_WARN_DOCUMENTATION_COMMENTS = YES;
				CLANG_WARN_EMPTY_BODY = YES;
				CLANG_WARN_ENUM_CONVERSION = YES;
				CLANG_WARN_INFINITE_RECURSION = YES;
				CLANG_WARN_INT_CONVERSION = YES;
				CLANG_WARN_NON_LITERAL_NULL_CONVERSION = YES;
				CLANG_WARN_OBJC_IMPLICIT_RETAIN_SELF = YES;
				CLANG_WARN_OBJC_LITERAL_CONVERSION = YES;
				CLANG_WARN_OBJC_ROOT_CLASS = YES_ERROR;
				CLANG_WARN_QUOTED_INCLUDE_IN_FRAMEWORK_HEADER = YES;
				CLANG_WARN_RANGE_LOOP_ANALYSIS = YES;
				CLANG_WARN_STRICT_PROTOTYPES = YES;
				CLANG_WARN_SUSPICIOUS_MOVE = YES;
				CLANG_WARN_UNGUARDED_AVAILABILITY = YES_AGGRESSIVE;
				CLANG_WARN_UNREACHABLE_CODE = YES;
				CLANG_WARN__DUPLICATE_METHOD_MATCH = YES;
				COPY_PHASE_STRIP = NO;
				DEBUG_INFORMATION_FORMAT = dwarf;
				ENABLE_STRICT_OBJC_MSGSEND = YES;
				ENABLE_TESTABILITY = YES;
				ENABLE_USER_SCRIPT_SANDBOXING = YES;
				GCC_C_LANGUAGE_STANDARD = gnu17;
				GCC_DYNAMIC_NO_PIC = NO;
				GCC_NO_COMMON_BLOCKS = YES;
				GCC_OPTIMIZATION_LEVEL = 0;
				GCC_PREPROCESSOR_DEFINITIONS = (
					"DEBUG=1",
					"$(inherited)",
				);
				GCC_WARN_64_TO_32_BIT_CONVERSION = YES;
				GCC_WARN_ABOUT_RETURN_TYPE = YES_ERROR;
				GCC_WARN_UNDECLARED_SELECTOR = YES;
				GCC_WARN_UNINITIALIZED_AUTOS = YES_AGGRESSIVE;
				GCC_WARN_UNUSED_FUNCTION = YES;
				GCC_WARN_UNUSED_VARIABLE = YES;
				IPHONEOS_DEPLOYMENT_TARGET = 18.4;
				LOCALIZATION_PREFERS_STRING_CATALOGS = YES;
				MTL_ENABLE_DEBUG_INFO = INCLUDE_SOURCE;
				MTL_FAST_MATH = YES;
				ONLY_ACTIVE_ARCH = YES;
				SDKROOT = iphoneos;
				SWIFT_ACTIVE_COMPILATION_CONDITIONS = "DEBUG $(inherited)";
				SWIFT_OPTIMIZATION_LEVEL = "-Onone";
			};
			name = Debug;
		};
		ACF562CE2DDF2B780037D2A6 /* Release */ = {
			isa = XCBuildConfiguration;
			buildSettings = {
				ALWAYS_SEARCH_USER_PATHS = NO;
				ASSETCATALOG_COMPILER_GENERATE_SWIFT_ASSET_SYMBOL_EXTENSIONS = YES;
				CLANG_ANALYZER_NONNULL = YES;
				CLANG_ANALYZER_NUMBER_OBJECT_CONVERSION = YES_AGGRESSIVE;
				CLANG_CXX_LANGUAGE_STANDARD = "gnu++20";
				CLANG_ENABLE_MODULES = YES;
				CLANG_ENABLE_OBJC_ARC = YES;
				CLANG_ENABLE_OBJC_WEAK = YES;
				CLANG_WARN_BLOCK_CAPTURE_AUTORELEASING = YES;
				CLANG_WARN_BOOL_CONVERSION = YES;
				CLANG_WARN_COMMA = YES;
				CLANG_WARN_CONSTANT_CONVERSION = YES;
				CLANG_WARN_DEPRECATED_OBJC_IMPLEMENTATIONS = YES;
				CLANG_WARN_DIRECT_OBJC_ISA_USAGE = YES_ERROR;
				CLANG_WARN_DOCUMENTATION_COMMENTS = YES;
				CLANG_WARN_EMPTY_BODY = YES;
				CLANG_WARN_ENUM_CONVERSION = YES;
				CLANG_WARN_INFINITE_RECURSION = YES;
				CLANG_WARN_INT_CONVERSION = YES;
				CLANG_WARN_NON_LITERAL_NULL_CONVERSION = YES;
				CLANG_WARN_OBJC_IMPLICIT_RETAIN_SELF = YES;
				CLANG_WARN_OBJC_LITERAL_CONVERSION = YES;
				CLANG_WARN_OBJC_ROOT_CLASS = YES_ERROR;
				CLANG_WARN_QUOTED_INCLUDE_IN_FRAMEWORK_HEADER = YES;
				CLANG_WARN_RANGE_LOOP_ANALYSIS = YES;
				CLANG_WARN_STRICT_PROTOTYPES = YES;
				CLANG_WARN_SUSPICIOUS_MOVE = YES;
				CLANG_WARN_UNGUARDED_AVAILABILITY = YES_AGGRESSIVE;
				CLANG_WARN_UNREACHABLE_CODE = YES;
				CLANG_WARN__DUPLICATE_METHOD_MATCH = YES;
				COPY_PHASE_STRIP = NO;
				DEBUG_INFORMATION_FORMAT = "dwarf-with-dsym";
				ENABLE_NS_ASSERTIONS = NO;
				ENABLE_STRICT_OBJC_MSGSEND = YES;
				ENABLE_USER_SCRIPT_SANDBOXING = YES;
				GCC_C_LANGUAGE_STANDARD = gnu17;
				GCC_NO_COMMON_BLOCKS = YES;
				GCC_WARN_64_TO_32_BIT_CONVERSION = YES;
				GCC_WARN_ABOUT_RETURN_TYPE = YES_ERROR;
				GCC_WARN_UNDECLARED_SELECTOR = YES;
				GCC_WARN_UNINITIALIZED_AUTOS = YES_AGGRESSIVE;
				GCC_WARN_UNUSED_FUNCTION = YES;
				GCC_WARN_UNUSED_VARIABLE = YES;
				IPHONEOS_DEPLOYMENT_TARGET = 18.4;
				LOCALIZATION_PREFERS_STRING_CATALOGS = YES;
				MTL_ENABLE_DEBUG_INFO = NO;
				MTL_FAST_MATH = YES;
				SDKROOT = iphoneos;
				SWIFT_COMPILATION_MODE = wholemodule;
				VALIDATE_PRODUCT = YES;
			};
			name = Release;
		};
		ACF562D02DDF2B780037D2A6 /* Debug */ = {
			isa = XCBuildConfiguration;
			buildSettings = {
				ASSETCATALOG_COMPILER_APPICON_NAME = AppIcon;
				ASSETCATALOG_COMPILER_GLOBAL_ACCENT_COLOR_NAME = AccentColor;
				CODE_SIGN_STYLE = Automatic;
				CURRENT_PROJECT_VERSION = 1;
				ENABLE_PREVIEWS = YES;
				GENERATE_INFOPLIST_FILE = YES;
				INFOPLIST_KEY_UIApplicationSceneManifest_Generation = YES;
				INFOPLIST_KEY_UIApplicationSupportsIndirectInputEvents = YES;
				INFOPLIST_KEY_UILaunchScreen_Generation = YES;
				INFOPLIST_KEY_UISupportedInterfaceOrientations_iPad = "UIInterfaceOrientationPortrait UIInterfaceOrientationPortraitUpsideDown UIInterfaceOrientationLandscapeLeft UIInterfaceOrientationLandscapeRight";
				INFOPLIST_KEY_UISupportedInterfaceOrientations_iPhone = "UIInterfaceOrientationPortrait UIInterfaceOrientationLandscapeLeft UIInterfaceOrientationLandscapeRight";
				LD_RUNPATH_SEARCH_PATHS = (
					"$(inherited)",
					"@executable_path/Frameworks",
				);
				MARKETING_VERSION = 1.0;
				PRODUCT_BUNDLE_IDENTIFIER = group.BetCooker;
				PRODUCT_NAME = "$(TARGET_NAME)";
				SWIFT_EMIT_LOC_STRINGS = YES;
				SWIFT_VERSION = 5.0;
				TARGETED_DEVICE_FAMILY = "1,2";
			};
			name = Debug;
		};
		ACF562D12DDF2B780037D2A6 /* Release */ = {
			isa = XCBuildConfiguration;
			buildSettings = {
				ASSETCATALOG_COMPILER_APPICON_NAME = AppIcon;
				ASSETCATALOG_COMPILER_GLOBAL_ACCENT_COLOR_NAME = AccentColor;
				CODE_SIGN_STYLE = Automatic;
				CURRENT_PROJECT_VERSION = 1;
				ENABLE_PREVIEWS = YES;
				GENERATE_INFOPLIST_FILE = YES;
				INFOPLIST_KEY_UIApplicationSceneManifest_Generation = YES;
				INFOPLIST_KEY_UIApplicationSupportsIndirectInputEvents = YES;
				INFOPLIST_KEY_UILaunchScreen_Generation = YES;
				INFOPLIST_KEY_UISupportedInterfaceOrientations_iPad = "UIInterfaceOrientationPortrait UIInterfaceOrientationPortraitUpsideDown UIInterfaceOrientationLandscapeLeft UIInterfaceOrientationLandscapeRight";
				INFOPLIST_KEY_UISupportedInterfaceOrientations_iPhone = "UIInterfaceOrientationPortrait UIInterfaceOrientationLandscapeLeft UIInterfaceOrientationLandscapeRight";
				LD_RUNPATH_SEARCH_PATHS = (
					"$(inherited)",
					"@executable_path/Frameworks",
				);
				MARKETING_VERSION = 1.0;
				PRODUCT_BUNDLE_IDENTIFIER = group.BetCooker;
				PRODUCT_NAME = "$(TARGET_NAME)";
				SWIFT_EMIT_LOC_STRINGS = YES;
				SWIFT_VERSION = 5.0;
				TARGETED_DEVICE_FAMILY = "1,2";
			};
			name = Release;
		};
		ACF562D32DDF2B780037D2A6 /* Debug */ = {
			isa = XCBuildConfiguration;
			buildSettings = {
				BUNDLE_LOADER = "$(TEST_HOST)";
				CODE_SIGN_STYLE = Automatic;
				CURRENT_PROJECT_VERSION = 1;
				GENERATE_INFOPLIST_FILE = YES;
				IPHONEOS_DEPLOYMENT_TARGET = 18.4;
				MARKETING_VERSION = 1.0;
				PRODUCT_BUNDLE_IDENTIFIER = group.BetCookerTests;
				PRODUCT_NAME = "$(TARGET_NAME)";
				SWIFT_EMIT_LOC_STRINGS = NO;
				SWIFT_VERSION = 5.0;
				TARGETED_DEVICE_FAMILY = "1,2";
				TEST_HOST = "$(BUILT_PRODUCTS_DIR)/BetCooker.app/$(BUNDLE_EXECUTABLE_FOLDER_PATH)/BetCooker";
			};
			name = Debug;
		};
		ACF562D42DDF2B780037D2A6 /* Release */ = {
			isa = XCBuildConfiguration;
			buildSettings = {
				BUNDLE_LOADER = "$(TEST_HOST)";
				CODE_SIGN_STYLE = Automatic;
				CURRENT_PROJECT_VERSION = 1;
				GENERATE_INFOPLIST_FILE = YES;
				IPHONEOS_DEPLOYMENT_TARGET = 18.4;
				MARKETING_VERSION = 1.0;
				PRODUCT_BUNDLE_IDENTIFIER = group.BetCookerTests;
				PRODUCT_NAME = "$(TARGET_NAME)";
				SWIFT_EMIT_LOC_STRINGS = NO;
				SWIFT_VERSION = 5.0;
				TARGETED_DEVICE_FAMILY = "1,2";
				TEST_HOST = "$(BUILT_PRODUCTS_DIR)/BetCooker.app/$(BUNDLE_EXECUTABLE_FOLDER_PATH)/BetCooker";
			};
			name = Release;
		};
		ACF562D62DDF2B780037D2A6 /* Debug */ = {
			isa = XCBuildConfiguration;
			buildSettings = {
				CODE_SIGN_STYLE = Automatic;
				CURRENT_PROJECT_VERSION = 1;
				GENERATE_INFOPLIST_FILE = YES;
				MARKETING_VERSION = 1.0;
				PRODUCT_BUNDLE_IDENTIFIER = group.BetCookerUITests;
				PRODUCT_NAME = "$(TARGET_NAME)";
				SWIFT_EMIT_LOC_STRINGS = NO;
				SWIFT_VERSION = 5.0;
				TARGETED_DEVICE_FAMILY = "1,2";
				TEST_TARGET_NAME = BetCooker;
			};
			name = Debug;
		};
		ACF562D72DDF2B780037D2A6 /* Release */ = {
			isa = XCBuildConfiguration;
			buildSettings = {
				CODE_SIGN_STYLE = Automatic;
				CURRENT_PROJECT_VERSION = 1;
				GENERATE_INFOPLIST_FILE = YES;
				MARKETING_VERSION = 1.0;
				PRODUCT_BUNDLE_IDENTIFIER = group.BetCookerUITests;
				PRODUCT_NAME = "$(TARGET_NAME)";
				SWIFT_EMIT_LOC_STRINGS = NO;
				SWIFT_VERSION = 5.0;
				TARGETED_DEVICE_FAMILY = "1,2";
				TEST_TARGET_NAME = BetCooker;
			};
			name = Release;
		};
/* End XCBuildConfiguration section */

/* Begin XCConfigurationList section */
		ACF562A92DDF2B750037D2A6 /* Build configuration list for PBXProject "BetCooker" */ = {
			isa = XCConfigurationList;
			buildConfigurations = (
				ACF562CD2DDF2B780037D2A6 /* Debug */,
				ACF562CE2DDF2B780037D2A6 /* Release */,
			);
			defaultConfigurationIsVisible = 0;
			defaultConfigurationName = Release;
		};
		ACF562CF2DDF2B780037D2A6 /* Build configuration list for PBXNativeTarget "BetCooker" */ = {
			isa = XCConfigurationList;
			buildConfigurations = (
				ACF562D02DDF2B780037D2A6 /* Debug */,
				ACF562D12DDF2B780037D2A6 /* Release */,
			);
			defaultConfigurationIsVisible = 0;
			defaultConfigurationName = Release;
		};
		ACF562D22DDF2B780037D2A6 /* Build configuration list for PBXNativeTarget "BetCookerTests" */ = {
			isa = XCConfigurationList;
			buildConfigurations = (
				ACF562D32DDF2B780037D2A6 /* Debug */,
				ACF562D42DDF2B780037D2A6 /* Release */,
			);
			defaultConfigurationIsVisible = 0;
			defaultConfigurationName = Release;
		};
		ACF562D52DDF2B780037D2A6 /* Build configuration list for PBXNativeTarget "BetCookerUITests" */ = {
			isa = XCConfigurationList;
			buildConfigurations = (
				ACF562D62DDF2B780037D2A6 /* Debug */,
				ACF562D72DDF2B780037D2A6 /* Release */,
			);
			defaultConfigurationIsVisible = 0;
			defaultConfigurationName = Release;
		};
/* End XCConfigurationList section */
	};
	rootObject = ACF562A62DDF2B750037D2A6 /* Project object */;
}
